// !$*UTF8*$!
{
	archiveVersion = 1;
	classes = {
	};
	objectVersion = 46;
	objects = {

/* Begin PBXBuildFile section */
		B0005B5316FF5D64008BE290 /* Info.m in Sources */ = {isa = PBXBuildFile; fileRef = B0005B5216FF5D64008BE290 /* Info.m */; };
		B0214E45170207C000C50CB2 /* facebook@2x.png in Resources */ = {isa = PBXBuildFile; fileRef = B0214E41170207C000C50CB2 /* facebook@2x.png */; };
		B0214E46170207C000C50CB2 /* like-darkgrey@2x.png in Resources */ = {isa = PBXBuildFile; fileRef = B0214E42170207C000C50CB2 /* like-darkgrey@2x.png */; };
		B0214E47170207C000C50CB2 /* like-white@2x.png in Resources */ = {isa = PBXBuildFile; fileRef = B0214E43170207C000C50CB2 /* like-white@2x.png */; };
		B0214E48170207C000C50CB2 /* twitter@2x.png in Resources */ = {isa = PBXBuildFile; fileRef = B0214E44170207C000C50CB2 /* twitter@2x.png */; };
		B0214E4A17021F9400C50CB2 /* Social.framework in Frameworks */ = {isa = PBXBuildFile; fileRef = B0214E4917021F9400C50CB2 /* Social.framework */; };
		B084FACB16FDE5F80027BD8B /* FZViewController.m in Sources */ = {isa = PBXBuildFile; fileRef = B084FACA16FDE5F80027BD8B /* FZViewController.m */; };
		B084FAD116FDE62E0027BD8B /* MainViewController.m in Sources */ = {isa = PBXBuildFile; fileRef = B084FAD016FDE62E0027BD8B /* MainViewController.m */; };
		B084FAE316FDE9380027BD8B /* libRestKit.a in Frameworks */ = {isa = PBXBuildFile; fileRef = B084FADA16FDE8280027BD8B /* libRestKit.a */; };
		B084FAE516FDE9440027BD8B /* CFNetwork.framework in Frameworks */ = {isa = PBXBuildFile; fileRef = B084FAE416FDE9440027BD8B /* CFNetwork.framework */; };
		B084FAE716FDE94B0027BD8B /* CoreData.framework in Frameworks */ = {isa = PBXBuildFile; fileRef = B084FAE616FDE94B0027BD8B /* CoreData.framework */; };
		B084FAE916FDE9530027BD8B /* MobileCoreServices.framework in Frameworks */ = {isa = PBXBuildFile; fileRef = B084FAE816FDE9530027BD8B /* MobileCoreServices.framework */; };
		B084FAEB16FDE95C0027BD8B /* Security.framework in Frameworks */ = {isa = PBXBuildFile; fileRef = B084FAEA16FDE95B0027BD8B /* Security.framework */; };
		B084FAED16FDE9630027BD8B /* SystemConfiguration.framework in Frameworks */ = {isa = PBXBuildFile; fileRef = B084FAEC16FDE9620027BD8B /* SystemConfiguration.framework */; };
		B084FAEF16FDEAFE0027BD8B /* SDWebImage.framework in Frameworks */ = {isa = PBXBuildFile; fileRef = B084FAEE16FDEAFE0027BD8B /* SDWebImage.framework */; };
		B084FAF116FDEB1D0027BD8B /* ImageIO.framework in Frameworks */ = {isa = PBXBuildFile; fileRef = B084FAF016FDEB1D0027BD8B /* ImageIO.framework */; };
		B084FAF916FDEC2C0027BD8B /* IISideController.m in Sources */ = {isa = PBXBuildFile; fileRef = B084FAF416FDEC2C0027BD8B /* IISideController.m */; };
		B084FAFA16FDEC2C0027BD8B /* IIViewDeckController.m in Sources */ = {isa = PBXBuildFile; fileRef = B084FAF616FDEC2C0027BD8B /* IIViewDeckController.m */; };
		B084FAFB16FDEC2C0027BD8B /* IIWrapController.m in Sources */ = {isa = PBXBuildFile; fileRef = B084FAF816FDEC2C0027BD8B /* IIWrapController.m */; };
		B084FB0016FDEE300027BD8B /* QuartzCore.framework in Frameworks */ = {isa = PBXBuildFile; fileRef = B084FAFF16FDEE300027BD8B /* QuartzCore.framework */; };
		B084FB0A16FE00750027BD8B /* Gibson-SemiBold.otf in Resources */ = {isa = PBXBuildFile; fileRef = B084FB0816FDFC5B0027BD8B /* Gibson-SemiBold.otf */; };
		B084FB1316FE22870027BD8B /* Post.m in Sources */ = {isa = PBXBuildFile; fileRef = B084FB1216FE22870027BD8B /* Post.m */; };
		B084FB1616FE43120027BD8B /* Image.m in Sources */ = {isa = PBXBuildFile; fileRef = B084FB1516FE43120027BD8B /* Image.m */; };
		B084FB1916FE63A40027BD8B /* FZImage.m in Sources */ = {isa = PBXBuildFile; fileRef = B084FB1816FE63A40027BD8B /* FZImage.m */; };
		B084FB1F16FE6E3F0027BD8B /* PostViewController.m in Sources */ = {isa = PBXBuildFile; fileRef = B084FB1E16FE6E3F0027BD8B /* PostViewController.m */; };
		B084FB2316FE7B3D0027BD8B /* FZDate.m in Sources */ = {isa = PBXBuildFile; fileRef = B084FB2216FE7B3D0027BD8B /* FZDate.m */; };
		B084FB2A16FE83C50027BD8B /* date.png in Resources */ = {isa = PBXBuildFile; fileRef = B084FB2816FE83C50027BD8B /* date.png */; };
		B084FB2B16FE83C50027BD8B /* date@2x.png in Resources */ = {isa = PBXBuildFile; fileRef = B084FB2916FE83C50027BD8B /* date@2x.png */; };
		B084FB3016FE93970027BD8B /* nav-back.png in Resources */ = {isa = PBXBuildFile; fileRef = B084FB2C16FE93970027BD8B /* nav-back.png */; };
		B084FB3116FE93970027BD8B /* nav-back@2x.png in Resources */ = {isa = PBXBuildFile; fileRef = B084FB2D16FE93970027BD8B /* nav-back@2x.png */; };
		B084FB3216FE93970027BD8B /* nav-home.png in Resources */ = {isa = PBXBuildFile; fileRef = B084FB2E16FE93970027BD8B /* nav-home.png */; };
		B084FB3316FE93970027BD8B /* nav-home@2x.png in Resources */ = {isa = PBXBuildFile; fileRef = B084FB2F16FE93970027BD8B /* nav-home@2x.png */; };
		B084FB3616FE9AD80027BD8B /* like-darkgrey-small@2x.png in Resources */ = {isa = PBXBuildFile; fileRef = B084FB3416FE9AD80027BD8B /* like-darkgrey-small@2x.png */; };
		B084FB3716FE9AD80027BD8B /* like-white-small@2x.png in Resources */ = {isa = PBXBuildFile; fileRef = B084FB3516FE9AD80027BD8B /* like-white-small@2x.png */; };
		B0F4C60716FD2283002433F8 /* UIKit.framework in Frameworks */ = {isa = PBXBuildFile; fileRef = B0F4C60616FD2283002433F8 /* UIKit.framework */; };
		B0F4C60916FD2283002433F8 /* Foundation.framework in Frameworks */ = {isa = PBXBuildFile; fileRef = B0F4C60816FD2283002433F8 /* Foundation.framework */; };
		B0F4C60B16FD2283002433F8 /* CoreGraphics.framework in Frameworks */ = {isa = PBXBuildFile; fileRef = B0F4C60A16FD2283002433F8 /* CoreGraphics.framework */; };
		B0F4C61116FD2283002433F8 /* InfoPlist.strings in Resources */ = {isa = PBXBuildFile; fileRef = B0F4C60F16FD2283002433F8 /* InfoPlist.strings */; };
		B0F4C61316FD2283002433F8 /* main.m in Sources */ = {isa = PBXBuildFile; fileRef = B0F4C61216FD2283002433F8 /* main.m */; };
		B0F4C61716FD2283002433F8 /* AppDelegate.m in Sources */ = {isa = PBXBuildFile; fileRef = B0F4C61616FD2283002433F8 /* AppDelegate.m */; };
		B0F4C61916FD2283002433F8 /* Default.png in Resources */ = {isa = PBXBuildFile; fileRef = B0F4C61816FD2283002433F8 /* Default.png */; };
		B0F4C61B16FD2283002433F8 /* Default@2x.png in Resources */ = {isa = PBXBuildFile; fileRef = B0F4C61A16FD2283002433F8 /* Default@2x.png */; };
		B0F4C61D16FD2283002433F8 /* Default-568h@2x.png in Resources */ = {isa = PBXBuildFile; fileRef = B0F4C61C16FD2283002433F8 /* Default-568h@2x.png */; };
/* End PBXBuildFile section */

/* Begin PBXContainerItemProxy section */
		B084FAD916FDE8280027BD8B /* PBXContainerItemProxy */ = {
			isa = PBXContainerItemProxy;
			containerPortal = B084FAD216FDE8270027BD8B /* RestKit.xcodeproj */;
			proxyType = 2;
			remoteGlobalIDString = 25160D1614564E810060A5C5;
			remoteInfo = RestKit;
		};
		B084FADB16FDE8280027BD8B /* PBXContainerItemProxy */ = {
			isa = PBXContainerItemProxy;
			containerPortal = B084FAD216FDE8270027BD8B /* RestKit.xcodeproj */;
			proxyType = 2;
			remoteGlobalIDString = 25160D2614564E820060A5C5;
			remoteInfo = RestKitTests;
		};
		B084FADD16FDE8280027BD8B /* PBXContainerItemProxy */ = {
			isa = PBXContainerItemProxy;
			containerPortal = B084FAD216FDE8270027BD8B /* RestKit.xcodeproj */;
			proxyType = 2;
			remoteGlobalIDString = 25160E62145651060060A5C5;
			remoteInfo = RestKitFramework;
		};
		B084FADF16FDE8280027BD8B /* PBXContainerItemProxy */ = {
			isa = PBXContainerItemProxy;
			containerPortal = B084FAD216FDE8270027BD8B /* RestKit.xcodeproj */;
			proxyType = 2;
			remoteGlobalIDString = 25160E78145651060060A5C5;
			remoteInfo = RestKitFrameworkTests;
		};
		B084FAE116FDE9330027BD8B /* PBXContainerItemProxy */ = {
			isa = PBXContainerItemProxy;
			containerPortal = B084FAD216FDE8270027BD8B /* RestKit.xcodeproj */;
			proxyType = 1;
			remoteGlobalIDString = 25160D1514564E810060A5C5;
			remoteInfo = RestKit;
		};
/* End PBXContainerItemProxy section */

/* Begin PBXFileReference section */
		B0005B5116FF5D64008BE290 /* Info.h */ = {isa = PBXFileReference; fileEncoding = 4; lastKnownFileType = sourcecode.c.h; name = Info.h; path = Models/Info.h; sourceTree = "<group>"; };
		B0005B5216FF5D64008BE290 /* Info.m */ = {isa = PBXFileReference; fileEncoding = 4; lastKnownFileType = sourcecode.c.objc; name = Info.m; path = Models/Info.m; sourceTree = "<group>"; };
		B0214E41170207C000C50CB2 /* facebook@2x.png */ = {isa = PBXFileReference; lastKnownFileType = image.png; name = "facebook@2x.png"; path = "Resources/Assets/facebook@2x.png"; sourceTree = "<group>"; };
		B0214E42170207C000C50CB2 /* like-darkgrey@2x.png */ = {isa = PBXFileReference; lastKnownFileType = image.png; name = "like-darkgrey@2x.png"; path = "Resources/Assets/like-darkgrey@2x.png"; sourceTree = "<group>"; };
		B0214E43170207C000C50CB2 /* like-white@2x.png */ = {isa = PBXFileReference; lastKnownFileType = image.png; name = "like-white@2x.png"; path = "Resources/Assets/like-white@2x.png"; sourceTree = "<group>"; };
		B0214E44170207C000C50CB2 /* twitter@2x.png */ = {isa = PBXFileReference; lastKnownFileType = image.png; name = "twitter@2x.png"; path = "Resources/Assets/twitter@2x.png"; sourceTree = "<group>"; };
		B0214E4917021F9400C50CB2 /* Social.framework */ = {isa = PBXFileReference; lastKnownFileType = wrapper.framework; name = Social.framework; path = System/Library/Frameworks/Social.framework; sourceTree = SDKROOT; };
		B084FAC916FDE5F80027BD8B /* FZViewController.h */ = {isa = PBXFileReference; fileEncoding = 4; lastKnownFileType = sourcecode.c.h; name = FZViewController.h; path = Components/FZViewController.h; sourceTree = "<group>"; };
		B084FACA16FDE5F80027BD8B /* FZViewController.m */ = {isa = PBXFileReference; fileEncoding = 4; lastKnownFileType = sourcecode.c.objc; name = FZViewController.m; path = Components/FZViewController.m; sourceTree = "<group>"; };
		B084FACF16FDE62E0027BD8B /* MainViewController.h */ = {isa = PBXFileReference; fileEncoding = 4; lastKnownFileType = sourcecode.c.h; name = MainViewController.h; path = Controllers/MainViewController.h; sourceTree = "<group>"; };
		B084FAD016FDE62E0027BD8B /* MainViewController.m */ = {isa = PBXFileReference; fileEncoding = 4; lastKnownFileType = sourcecode.c.objc; name = MainViewController.m; path = Controllers/MainViewController.m; sourceTree = "<group>"; };
		B084FAD216FDE8270027BD8B /* RestKit.xcodeproj */ = {isa = PBXFileReference; lastKnownFileType = "wrapper.pb-project"; name = RestKit.xcodeproj; path = Librarie/RestKit/RestKit.xcodeproj; sourceTree = "<group>"; };
		B084FAE416FDE9440027BD8B /* CFNetwork.framework */ = {isa = PBXFileReference; lastKnownFileType = wrapper.framework; name = CFNetwork.framework; path = System/Library/Frameworks/CFNetwork.framework; sourceTree = SDKROOT; };
		B084FAE616FDE94B0027BD8B /* CoreData.framework */ = {isa = PBXFileReference; lastKnownFileType = wrapper.framework; name = CoreData.framework; path = System/Library/Frameworks/CoreData.framework; sourceTree = SDKROOT; };
		B084FAE816FDE9530027BD8B /* MobileCoreServices.framework */ = {isa = PBXFileReference; lastKnownFileType = wrapper.framework; name = MobileCoreServices.framework; path = System/Library/Frameworks/MobileCoreServices.framework; sourceTree = SDKROOT; };
		B084FAEA16FDE95B0027BD8B /* Security.framework */ = {isa = PBXFileReference; lastKnownFileType = wrapper.framework; name = Security.framework; path = System/Library/Frameworks/Security.framework; sourceTree = SDKROOT; };
		B084FAEC16FDE9620027BD8B /* SystemConfiguration.framework */ = {isa = PBXFileReference; lastKnownFileType = wrapper.framework; name = SystemConfiguration.framework; path = System/Library/Frameworks/SystemConfiguration.framework; sourceTree = SDKROOT; };
		B084FAEE16FDEAFE0027BD8B /* SDWebImage.framework */ = {isa = PBXFileReference; lastKnownFileType = wrapper.framework; name = SDWebImage.framework; path = Librarie/SDWebImage.framework; sourceTree = "<group>"; };
		B084FAF016FDEB1D0027BD8B /* ImageIO.framework */ = {isa = PBXFileReference; lastKnownFileType = wrapper.framework; name = ImageIO.framework; path = System/Library/Frameworks/ImageIO.framework; sourceTree = SDKROOT; };
		B084FAF316FDEC2C0027BD8B /* IISideController.h */ = {isa = PBXFileReference; fileEncoding = 4; lastKnownFileType = sourcecode.c.h; path = IISideController.h; sourceTree = "<group>"; };
		B084FAF416FDEC2C0027BD8B /* IISideController.m */ = {isa = PBXFileReference; fileEncoding = 4; lastKnownFileType = sourcecode.c.objc; path = IISideController.m; sourceTree = "<group>"; };
		B084FAF516FDEC2C0027BD8B /* IIViewDeckController.h */ = {isa = PBXFileReference; fileEncoding = 4; lastKnownFileType = sourcecode.c.h; path = IIViewDeckController.h; sourceTree = "<group>"; };
		B084FAF616FDEC2C0027BD8B /* IIViewDeckController.m */ = {isa = PBXFileReference; fileEncoding = 4; lastKnownFileType = sourcecode.c.objc; path = IIViewDeckController.m; sourceTree = "<group>"; };
		B084FAF716FDEC2C0027BD8B /* IIWrapController.h */ = {isa = PBXFileReference; fileEncoding = 4; lastKnownFileType = sourcecode.c.h; path = IIWrapController.h; sourceTree = "<group>"; };
		B084FAF816FDEC2C0027BD8B /* IIWrapController.m */ = {isa = PBXFileReference; fileEncoding = 4; lastKnownFileType = sourcecode.c.objc; path = IIWrapController.m; sourceTree = "<group>"; };
		B084FAFF16FDEE300027BD8B /* QuartzCore.framework */ = {isa = PBXFileReference; lastKnownFileType = wrapper.framework; name = QuartzCore.framework; path = System/Library/Frameworks/QuartzCore.framework; sourceTree = SDKROOT; };
		B084FB0816FDFC5B0027BD8B /* Gibson-SemiBold.otf */ = {isa = PBXFileReference; lastKnownFileType = file; name = "Gibson-SemiBold.otf"; path = "Resources/Fonts/Gibson-SemiBold.otf"; sourceTree = "<group>"; };
		B084FB1116FE22870027BD8B /* Post.h */ = {isa = PBXFileReference; fileEncoding = 4; lastKnownFileType = sourcecode.c.h; name = Post.h; path = Models/Post.h; sourceTree = "<group>"; };
		B084FB1216FE22870027BD8B /* Post.m */ = {isa = PBXFileReference; fileEncoding = 4; lastKnownFileType = sourcecode.c.objc; name = Post.m; path = Models/Post.m; sourceTree = "<group>"; };
		B084FB1416FE43120027BD8B /* Image.h */ = {isa = PBXFileReference; fileEncoding = 4; lastKnownFileType = sourcecode.c.h; name = Image.h; path = Models/Image.h; sourceTree = "<group>"; };
		B084FB1516FE43120027BD8B /* Image.m */ = {isa = PBXFileReference; fileEncoding = 4; lastKnownFileType = sourcecode.c.objc; name = Image.m; path = Models/Image.m; sourceTree = "<group>"; };
		B084FB1716FE63A40027BD8B /* FZImage.h */ = {isa = PBXFileReference; fileEncoding = 4; lastKnownFileType = sourcecode.c.h; name = FZImage.h; path = Components/FZImage.h; sourceTree = "<group>"; };
		B084FB1816FE63A40027BD8B /* FZImage.m */ = {isa = PBXFileReference; fileEncoding = 4; lastKnownFileType = sourcecode.c.objc; name = FZImage.m; path = Components/FZImage.m; sourceTree = "<group>"; };
		B084FB1D16FE6E3F0027BD8B /* PostViewController.h */ = {isa = PBXFileReference; fileEncoding = 4; lastKnownFileType = sourcecode.c.h; name = PostViewController.h; path = Controllers/PostViewController.h; sourceTree = "<group>"; };
		B084FB1E16FE6E3F0027BD8B /* PostViewController.m */ = {isa = PBXFileReference; fileEncoding = 4; lastKnownFileType = sourcecode.c.objc; name = PostViewController.m; path = Controllers/PostViewController.m; sourceTree = "<group>"; };
		B084FB2116FE7B3D0027BD8B /* FZDate.h */ = {isa = PBXFileReference; fileEncoding = 4; lastKnownFileType = sourcecode.c.h; name = FZDate.h; path = Components/FZDate.h; sourceTree = "<group>"; };
		B084FB2216FE7B3D0027BD8B /* FZDate.m */ = {isa = PBXFileReference; fileEncoding = 4; lastKnownFileType = sourcecode.c.objc; name = FZDate.m; path = Components/FZDate.m; sourceTree = "<group>"; };
		B084FB2816FE83C50027BD8B /* date.png */ = {isa = PBXFileReference; lastKnownFileType = image.png; name = date.png; path = Resources/Assets/date.png; sourceTree = "<group>"; };
		B084FB2916FE83C50027BD8B /* date@2x.png */ = {isa = PBXFileReference; lastKnownFileType = image.png; name = "date@2x.png"; path = "Resources/Assets/date@2x.png"; sourceTree = "<group>"; };
		B084FB2C16FE93970027BD8B /* nav-back.png */ = {isa = PBXFileReference; lastKnownFileType = image.png; name = "nav-back.png"; path = "Resources/Assets/nav-back.png"; sourceTree = "<group>"; };
		B084FB2D16FE93970027BD8B /* nav-back@2x.png */ = {isa = PBXFileReference; lastKnownFileType = image.png; name = "nav-back@2x.png"; path = "Resources/Assets/nav-back@2x.png"; sourceTree = "<group>"; };
		B084FB2E16FE93970027BD8B /* nav-home.png */ = {isa = PBXFileReference; lastKnownFileType = image.png; name = "nav-home.png"; path = "Resources/Assets/nav-home.png"; sourceTree = "<group>"; };
		B084FB2F16FE93970027BD8B /* nav-home@2x.png */ = {isa = PBXFileReference; lastKnownFileType = image.png; name = "nav-home@2x.png"; path = "Resources/Assets/nav-home@2x.png"; sourceTree = "<group>"; };
		B084FB3416FE9AD80027BD8B /* like-darkgrey-small@2x.png */ = {isa = PBXFileReference; lastKnownFileType = image.png; name = "like-darkgrey-small@2x.png"; path = "Resources/Assets/like-darkgrey-small@2x.png"; sourceTree = "<group>"; };
		B084FB3516FE9AD80027BD8B /* like-white-small@2x.png */ = {isa = PBXFileReference; lastKnownFileType = image.png; name = "like-white-small@2x.png"; path = "Resources/Assets/like-white-small@2x.png"; sourceTree = "<group>"; };
		B0F4C60316FD2283002433F8 /* evasion.app */ = {isa = PBXFileReference; explicitFileType = wrapper.application; includeInIndex = 0; path = evasion.app; sourceTree = BUILT_PRODUCTS_DIR; };
		B0F4C60616FD2283002433F8 /* UIKit.framework */ = {isa = PBXFileReference; lastKnownFileType = wrapper.framework; name = UIKit.framework; path = System/Library/Frameworks/UIKit.framework; sourceTree = SDKROOT; };
		B0F4C60816FD2283002433F8 /* Foundation.framework */ = {isa = PBXFileReference; lastKnownFileType = wrapper.framework; name = Foundation.framework; path = System/Library/Frameworks/Foundation.framework; sourceTree = SDKROOT; };
		B0F4C60A16FD2283002433F8 /* CoreGraphics.framework */ = {isa = PBXFileReference; lastKnownFileType = wrapper.framework; name = CoreGraphics.framework; path = System/Library/Frameworks/CoreGraphics.framework; sourceTree = SDKROOT; };
		B0F4C60E16FD2283002433F8 /* evasion-Info.plist */ = {isa = PBXFileReference; lastKnownFileType = text.plist.xml; path = "evasion-Info.plist"; sourceTree = "<group>"; };
		B0F4C61016FD2283002433F8 /* en */ = {isa = PBXFileReference; lastKnownFileType = text.plist.strings; name = en; path = en.lproj/InfoPlist.strings; sourceTree = "<group>"; };
		B0F4C61216FD2283002433F8 /* main.m */ = {isa = PBXFileReference; lastKnownFileType = sourcecode.c.objc; path = main.m; sourceTree = "<group>"; };
		B0F4C61416FD2283002433F8 /* evasion-Prefix.pch */ = {isa = PBXFileReference; lastKnownFileType = sourcecode.c.h; path = "evasion-Prefix.pch"; sourceTree = "<group>"; };
		B0F4C61516FD2283002433F8 /* AppDelegate.h */ = {isa = PBXFileReference; lastKnownFileType = sourcecode.c.h; path = AppDelegate.h; sourceTree = "<group>"; };
		B0F4C61616FD2283002433F8 /* AppDelegate.m */ = {isa = PBXFileReference; lastKnownFileType = sourcecode.c.objc; path = AppDelegate.m; sourceTree = "<group>"; };
		B0F4C61816FD2283002433F8 /* Default.png */ = {isa = PBXFileReference; lastKnownFileType = image.png; path = Default.png; sourceTree = "<group>"; };
		B0F4C61A16FD2283002433F8 /* Default@2x.png */ = {isa = PBXFileReference; lastKnownFileType = image.png; path = "Default@2x.png"; sourceTree = "<group>"; };
		B0F4C61C16FD2283002433F8 /* Default-568h@2x.png */ = {isa = PBXFileReference; lastKnownFileType = image.png; path = "Default-568h@2x.png"; sourceTree = "<group>"; };
/* End PBXFileReference section */

/* Begin PBXFrameworksBuildPhase section */
		B0F4C60016FD2283002433F8 /* Frameworks */ = {
			isa = PBXFrameworksBuildPhase;
			buildActionMask = 2147483647;
			files = (
				B0214E4A17021F9400C50CB2 /* Social.framework in Frameworks */,
				B084FB0016FDEE300027BD8B /* QuartzCore.framework in Frameworks */,
				B084FAF116FDEB1D0027BD8B /* ImageIO.framework in Frameworks */,
				B084FAED16FDE9630027BD8B /* SystemConfiguration.framework in Frameworks */,
				B084FAEB16FDE95C0027BD8B /* Security.framework in Frameworks */,
				B084FAE916FDE9530027BD8B /* MobileCoreServices.framework in Frameworks */,
				B084FAE716FDE94B0027BD8B /* CoreData.framework in Frameworks */,
				B084FAE516FDE9440027BD8B /* CFNetwork.framework in Frameworks */,
				B084FAE316FDE9380027BD8B /* libRestKit.a in Frameworks */,
				B0F4C60716FD2283002433F8 /* UIKit.framework in Frameworks */,
				B0F4C60916FD2283002433F8 /* Foundation.framework in Frameworks */,
				B0F4C60B16FD2283002433F8 /* CoreGraphics.framework in Frameworks */,
				B084FAEF16FDEAFE0027BD8B /* SDWebImage.framework in Frameworks */,
			);
			runOnlyForDeploymentPostprocessing = 0;
		};
/* End PBXFrameworksBuildPhase section */

/* Begin PBXGroup section */
		B084FAC416FDE43D0027BD8B /* Controllers */ = {
			isa = PBXGroup;
			children = (
				B084FACF16FDE62E0027BD8B /* MainViewController.h */,
				B084FAD016FDE62E0027BD8B /* MainViewController.m */,
				B084FB1D16FE6E3F0027BD8B /* PostViewController.h */,
				B084FB1E16FE6E3F0027BD8B /* PostViewController.m */,
			);
			name = Controllers;
			sourceTree = "<group>";
		};
		B084FAC516FDE45E0027BD8B /* Components */ = {
			isa = PBXGroup;
			children = (
				B084FAC916FDE5F80027BD8B /* FZViewController.h */,
				B084FACA16FDE5F80027BD8B /* FZViewController.m */,
				B084FB1716FE63A40027BD8B /* FZImage.h */,
				B084FB1816FE63A40027BD8B /* FZImage.m */,
				B084FB2116FE7B3D0027BD8B /* FZDate.h */,
				B084FB2216FE7B3D0027BD8B /* FZDate.m */,
			);
			name = Components;
			sourceTree = "<group>";
		};
		B084FAC616FDE4650027BD8B /* Libraries */ = {
			isa = PBXGroup;
			children = (
				B084FAF216FDEC2C0027BD8B /* ViewDeck */,
				B084FAEE16FDEAFE0027BD8B /* SDWebImage.framework */,
				B084FAD216FDE8270027BD8B /* RestKit.xcodeproj */,
			);
			name = Libraries;
			sourceTree = "<group>";
		};
		B084FAC716FDE46C0027BD8B /* Resources */ = {
			isa = PBXGroup;
			children = (
				B084FB2716FE83B50027BD8B /* Assets */,
				B084FB0116FDFC1E0027BD8B /* Fonts */,
			);
			name = Resources;
			sourceTree = "<group>";
		};
		B084FAC816FDE4720027BD8B /* Models */ = {
			isa = PBXGroup;
			children = (
				B084FB1116FE22870027BD8B /* Post.h */,
				B084FB1216FE22870027BD8B /* Post.m */,
				B084FB1416FE43120027BD8B /* Image.h */,
				B084FB1516FE43120027BD8B /* Image.m */,
				B0005B5116FF5D64008BE290 /* Info.h */,
				B0005B5216FF5D64008BE290 /* Info.m */,
			);
			name = Models;
			sourceTree = "<group>";
		};
		B084FAD316FDE8270027BD8B /* Products */ = {
			isa = PBXGroup;
			children = (
				B084FADA16FDE8280027BD8B /* libRestKit.a */,
				B084FADC16FDE8280027BD8B /* RestKitTests.octest */,
				B084FADE16FDE8280027BD8B /* RestKit.framework */,
				B084FAE016FDE8280027BD8B /* RestKitFrameworkTests.octest */,
			);
			name = Products;
			sourceTree = "<group>";
		};
		B084FAF216FDEC2C0027BD8B /* ViewDeck */ = {
			isa = PBXGroup;
			children = (
				B084FAF316FDEC2C0027BD8B /* IISideController.h */,
				B084FAF416FDEC2C0027BD8B /* IISideController.m */,
				B084FAF516FDEC2C0027BD8B /* IIViewDeckController.h */,
				B084FAF616FDEC2C0027BD8B /* IIViewDeckController.m */,
				B084FAF716FDEC2C0027BD8B /* IIWrapController.h */,
				B084FAF816FDEC2C0027BD8B /* IIWrapController.m */,
			);
			name = ViewDeck;
			path = Librarie/ViewDeck;
			sourceTree = "<group>";
		};
		B084FB0116FDFC1E0027BD8B /* Fonts */ = {
			isa = PBXGroup;
			children = (
				B084FB0816FDFC5B0027BD8B /* Gibson-SemiBold.otf */,
			);
			name = Fonts;
			sourceTree = "<group>";
		};
		B084FB2716FE83B50027BD8B /* Assets */ = {
			isa = PBXGroup;
			children = (
				B084FB2816FE83C50027BD8B /* date.png */,
				B084FB2916FE83C50027BD8B /* date@2x.png */,
				B084FB2C16FE93970027BD8B /* nav-back.png */,
				B084FB2D16FE93970027BD8B /* nav-back@2x.png */,
				B084FB2E16FE93970027BD8B /* nav-home.png */,
				B084FB2F16FE93970027BD8B /* nav-home@2x.png */,
				B084FB3416FE9AD80027BD8B /* like-darkgrey-small@2x.png */,
				B084FB3516FE9AD80027BD8B /* like-white-small@2x.png */,
				B0214E41170207C000C50CB2 /* facebook@2x.png */,
				B0214E42170207C000C50CB2 /* like-darkgrey@2x.png */,
				B0214E43170207C000C50CB2 /* like-white@2x.png */,
				B0214E44170207C000C50CB2 /* twitter@2x.png */,
			);
			name = Assets;
			sourceTree = "<group>";
		};
		B0F4C5FA16FD2283002433F8 = {
			isa = PBXGroup;
			children = (
				B0214E4917021F9400C50CB2 /* Social.framework */,
				B0F4C60C16FD2283002433F8 /* evasion */,
				B0F4C60516FD2283002433F8 /* Frameworks */,
				B0F4C60416FD2283002433F8 /* Products */,
			);
			sourceTree = "<group>";
		};
		B0F4C60416FD2283002433F8 /* Products */ = {
			isa = PBXGroup;
			children = (
				B0F4C60316FD2283002433F8 /* evasion.app */,
			);
			name = Products;
			sourceTree = "<group>";
		};
		B0F4C60516FD2283002433F8 /* Frameworks */ = {
			isa = PBXGroup;
			children = (
				B084FAFF16FDEE300027BD8B /* QuartzCore.framework */,
				B084FAF016FDEB1D0027BD8B /* ImageIO.framework */,
				B084FAEC16FDE9620027BD8B /* SystemConfiguration.framework */,
				B084FAEA16FDE95B0027BD8B /* Security.framework */,
				B084FAE816FDE9530027BD8B /* MobileCoreServices.framework */,
				B084FAE616FDE94B0027BD8B /* CoreData.framework */,
				B084FAE416FDE9440027BD8B /* CFNetwork.framework */,
				B0F4C60616FD2283002433F8 /* UIKit.framework */,
				B0F4C60816FD2283002433F8 /* Foundation.framework */,
				B0F4C60A16FD2283002433F8 /* CoreGraphics.framework */,
			);
			name = Frameworks;
			sourceTree = "<group>";
		};
		B0F4C60C16FD2283002433F8 /* evasion */ = {
			isa = PBXGroup;
			children = (
				B084FAC416FDE43D0027BD8B /* Controllers */,
				B084FAC816FDE4720027BD8B /* Models */,
				B084FAC516FDE45E0027BD8B /* Components */,
				B084FAC616FDE4650027BD8B /* Libraries */,
				B084FAC716FDE46C0027BD8B /* Resources */,
				B0F4C61516FD2283002433F8 /* AppDelegate.h */,
				B0F4C61616FD2283002433F8 /* AppDelegate.m */,
				B0F4C60D16FD2283002433F8 /* Supporting Files */,
			);
			path = evasion;
			sourceTree = "<group>";
		};
		B0F4C60D16FD2283002433F8 /* Supporting Files */ = {
			isa = PBXGroup;
			children = (
				B0F4C60E16FD2283002433F8 /* evasion-Info.plist */,
				B0F4C60F16FD2283002433F8 /* InfoPlist.strings */,
				B0F4C61216FD2283002433F8 /* main.m */,
				B0F4C61416FD2283002433F8 /* evasion-Prefix.pch */,
				B0F4C61816FD2283002433F8 /* Default.png */,
				B0F4C61A16FD2283002433F8 /* Default@2x.png */,
				B0F4C61C16FD2283002433F8 /* Default-568h@2x.png */,
			);
			name = "Supporting Files";
			sourceTree = "<group>";
		};
/* End PBXGroup section */

/* Begin PBXNativeTarget section */
		B0F4C60216FD2283002433F8 /* evasion */ = {
			isa = PBXNativeTarget;
			buildConfigurationList = B0F4C62016FD2283002433F8 /* Build configuration list for PBXNativeTarget "evasion" */;
			buildPhases = (
				B0F4C5FF16FD2283002433F8 /* Sources */,
				B0F4C60016FD2283002433F8 /* Frameworks */,
				B0F4C60116FD2283002433F8 /* Resources */,
			);
			buildRules = (
			);
			dependencies = (
				B084FAE216FDE9330027BD8B /* PBXTargetDependency */,
			);
			name = evasion;
			productName = evasion;
			productReference = B0F4C60316FD2283002433F8 /* evasion.app */;
			productType = "com.apple.product-type.application";
		};
/* End PBXNativeTarget section */

/* Begin PBXProject section */
		B0F4C5FB16FD2283002433F8 /* Project object */ = {
			isa = PBXProject;
			attributes = {
				LastUpgradeCheck = 0460;
				ORGANIZATIONNAME = Fuzzze;
			};
			buildConfigurationList = B0F4C5FE16FD2283002433F8 /* Build configuration list for PBXProject "evasion" */;
			compatibilityVersion = "Xcode 3.2";
			developmentRegion = English;
			hasScannedForEncodings = 0;
			knownRegions = (
				en,
			);
			mainGroup = B0F4C5FA16FD2283002433F8;
			productRefGroup = B0F4C60416FD2283002433F8 /* Products */;
			projectDirPath = "";
			projectReferences = (
				{
					ProductGroup = B084FAD316FDE8270027BD8B /* Products */;
					ProjectRef = B084FAD216FDE8270027BD8B /* RestKit.xcodeproj */;
				},
			);
			projectRoot = "";
			targets = (
				B0F4C60216FD2283002433F8 /* evasion */,
			);
		};
/* End PBXProject section */

/* Begin PBXReferenceProxy section */
		B084FADA16FDE8280027BD8B /* libRestKit.a */ = {
			isa = PBXReferenceProxy;
			fileType = archive.ar;
			path = libRestKit.a;
			remoteRef = B084FAD916FDE8280027BD8B /* PBXContainerItemProxy */;
			sourceTree = BUILT_PRODUCTS_DIR;
		};
		B084FADC16FDE8280027BD8B /* RestKitTests.octest */ = {
			isa = PBXReferenceProxy;
			fileType = wrapper.cfbundle;
			path = RestKitTests.octest;
			remoteRef = B084FADB16FDE8280027BD8B /* PBXContainerItemProxy */;
			sourceTree = BUILT_PRODUCTS_DIR;
		};
		B084FADE16FDE8280027BD8B /* RestKit.framework */ = {
			isa = PBXReferenceProxy;
			fileType = wrapper.framework;
			path = RestKit.framework;
			remoteRef = B084FADD16FDE8280027BD8B /* PBXContainerItemProxy */;
			sourceTree = BUILT_PRODUCTS_DIR;
		};
		B084FAE016FDE8280027BD8B /* RestKitFrameworkTests.octest */ = {
			isa = PBXReferenceProxy;
			fileType = wrapper.cfbundle;
			path = RestKitFrameworkTests.octest;
			remoteRef = B084FADF16FDE8280027BD8B /* PBXContainerItemProxy */;
			sourceTree = BUILT_PRODUCTS_DIR;
		};
/* End PBXReferenceProxy section */

/* Begin PBXResourcesBuildPhase section */
		B0F4C60116FD2283002433F8 /* Resources */ = {
			isa = PBXResourcesBuildPhase;
			buildActionMask = 2147483647;
			files = (
				B084FB0A16FE00750027BD8B /* Gibson-SemiBold.otf in Resources */,
				B0F4C61116FD2283002433F8 /* InfoPlist.strings in Resources */,
				B0F4C61916FD2283002433F8 /* Default.png in Resources */,
				B0F4C61B16FD2283002433F8 /* Default@2x.png in Resources */,
				B0F4C61D16FD2283002433F8 /* Default-568h@2x.png in Resources */,
				B084FB2A16FE83C50027BD8B /* date.png in Resources */,
				B084FB2B16FE83C50027BD8B /* date@2x.png in Resources */,
				B084FB3016FE93970027BD8B /* nav-back.png in Resources */,
				B084FB3116FE93970027BD8B /* nav-back@2x.png in Resources */,
				B084FB3216FE93970027BD8B /* nav-home.png in Resources */,
				B084FB3316FE93970027BD8B /* nav-home@2x.png in Resources */,
				B084FB3616FE9AD80027BD8B /* like-darkgrey-small@2x.png in Resources */,
				B084FB3716FE9AD80027BD8B /* like-white-small@2x.png in Resources */,
				B0214E45170207C000C50CB2 /* facebook@2x.png in Resources */,
				B0214E46170207C000C50CB2 /* like-darkgrey@2x.png in Resources */,
				B0214E47170207C000C50CB2 /* like-white@2x.png in Resources */,
				B0214E48170207C000C50CB2 /* twitter@2x.png in Resources */,
			);
			runOnlyForDeploymentPostprocessing = 0;
		};
/* End PBXResourcesBuildPhase section */

/* Begin PBXSourcesBuildPhase section */
		B0F4C5FF16FD2283002433F8 /* Sources */ = {
			isa = PBXSourcesBuildPhase;
			buildActionMask = 2147483647;
			files = (
				B0F4C61316FD2283002433F8 /* main.m in Sources */,
				B0F4C61716FD2283002433F8 /* AppDelegate.m in Sources */,
				B084FACB16FDE5F80027BD8B /* FZViewController.m in Sources */,
				B084FAD116FDE62E0027BD8B /* MainViewController.m in Sources */,
				B084FAF916FDEC2C0027BD8B /* IISideController.m in Sources */,
				B084FAFA16FDEC2C0027BD8B /* IIViewDeckController.m in Sources */,
				B084FAFB16FDEC2C0027BD8B /* IIWrapController.m in Sources */,
				B084FB1316FE22870027BD8B /* Post.m in Sources */,
				B084FB1616FE43120027BD8B /* Image.m in Sources */,
				B084FB1916FE63A40027BD8B /* FZImage.m in Sources */,
				B084FB1F16FE6E3F0027BD8B /* PostViewController.m in Sources */,
				B084FB2316FE7B3D0027BD8B /* FZDate.m in Sources */,
				B0005B5316FF5D64008BE290 /* Info.m in Sources */,
			);
			runOnlyForDeploymentPostprocessing = 0;
		};
/* End PBXSourcesBuildPhase section */

/* Begin PBXTargetDependency section */
		B084FAE216FDE9330027BD8B /* PBXTargetDependency */ = {
			isa = PBXTargetDependency;
			name = RestKit;
			targetProxy = B084FAE116FDE9330027BD8B /* PBXContainerItemProxy */;
		};
/* End PBXTargetDependency section */

/* Begin PBXVariantGroup section */
		B0F4C60F16FD2283002433F8 /* InfoPlist.strings */ = {
			isa = PBXVariantGroup;
			children = (
				B0F4C61016FD2283002433F8 /* en */,
			);
			name = InfoPlist.strings;
			sourceTree = "<group>";
		};
/* End PBXVariantGroup section */

/* Begin XCBuildConfiguration section */
		B0F4C61E16FD2283002433F8 /* Debug */ = {
			isa = XCBuildConfiguration;
			buildSettings = {
				ALWAYS_SEARCH_USER_PATHS = NO;
				CLANG_CXX_LANGUAGE_STANDARD = "gnu++0x";
				CLANG_CXX_LIBRARY = "libc++";
				CLANG_ENABLE_OBJC_ARC = YES;
				CLANG_WARN_CONSTANT_CONVERSION = YES;
				CLANG_WARN_EMPTY_BODY = YES;
				CLANG_WARN_ENUM_CONVERSION = YES;
				CLANG_WARN_INT_CONVERSION = YES;
				CLANG_WARN__DUPLICATE_METHOD_MATCH = YES;
				"CODE_SIGN_IDENTITY[sdk=iphoneos*]" = "iPhone Developer";
				COPY_PHASE_STRIP = NO;
				GCC_C_LANGUAGE_STANDARD = gnu99;
				GCC_DYNAMIC_NO_PIC = NO;
				GCC_OPTIMIZATION_LEVEL = 0;
				GCC_PREPROCESSOR_DEFINITIONS = (
					"DEBUG=1",
					"$(inherited)",
				);
				GCC_SYMBOLS_PRIVATE_EXTERN = NO;
				GCC_WARN_ABOUT_RETURN_TYPE = YES;
				GCC_WARN_UNINITIALIZED_AUTOS = YES;
				GCC_WARN_UNUSED_VARIABLE = YES;
				IPHONEOS_DEPLOYMENT_TARGET = 6.1;
				ONLY_ACTIVE_ARCH = YES;
				SDKROOT = iphoneos;
			};
			name = Debug;
		};
		B0F4C61F16FD2283002433F8 /* Release */ = {
			isa = XCBuildConfiguration;
			buildSettings = {
				ALWAYS_SEARCH_USER_PATHS = NO;
				CLANG_CXX_LANGUAGE_STANDARD = "gnu++0x";
				CLANG_CXX_LIBRARY = "libc++";
				CLANG_ENABLE_OBJC_ARC = YES;
				CLANG_WARN_CONSTANT_CONVERSION = YES;
				CLANG_WARN_EMPTY_BODY = YES;
				CLANG_WARN_ENUM_CONVERSION = YES;
				CLANG_WARN_INT_CONVERSION = YES;
				CLANG_WARN__DUPLICATE_METHOD_MATCH = YES;
				"CODE_SIGN_IDENTITY[sdk=iphoneos*]" = "iPhone Developer";
				COPY_PHASE_STRIP = YES;
				GCC_C_LANGUAGE_STANDARD = gnu99;
				GCC_WARN_ABOUT_RETURN_TYPE = YES;
				GCC_WARN_UNINITIALIZED_AUTOS = YES;
				GCC_WARN_UNUSED_VARIABLE = YES;
				IPHONEOS_DEPLOYMENT_TARGET = 6.1;
				OTHER_CFLAGS = "-DNS_BLOCK_ASSERTIONS=1";
				SDKROOT = iphoneos;
				VALIDATE_PRODUCT = YES;
			};
			name = Release;
		};
		B0F4C62116FD2283002433F8 /* Debug */ = {
			isa = XCBuildConfiguration;
			buildSettings = {
				FRAMEWORK_SEARCH_PATHS = (
					"$(inherited)",
					"\"$(SRCROOT)/evasion/Librarie\"",
				);
				GCC_PRECOMPILE_PREFIX_HEADER = YES;
				GCC_PREFIX_HEADER = "evasion/evasion-Prefix.pch";
				HEADER_SEARCH_PATHS = "\"$(BUILT_PRODUCTS_DIR)/../../Headers\"";
				INFOPLIST_FILE = "evasion/evasion-Info.plist";
				OTHER_LDFLAGS = "-ObjC";
				PRODUCT_NAME = "$(TARGET_NAME)";
				WRAPPER_EXTENSION = app;
			};
			name = Debug;
		};
		B0F4C62216FD2283002433F8 /* Release */ = {
			isa = XCBuildConfiguration;
			buildSettings = {
				FRAMEWORK_SEARCH_PATHS = (
					"$(inherited)",
					"\"$(SRCROOT)/evasion/Librarie\"",
				);
				GCC_PRECOMPILE_PREFIX_HEADER = YES;
				GCC_PREFIX_HEADER = "evasion/evasion-Prefix.pch";
				HEADER_SEARCH_PATHS = "\"$(BUILT_PRODUCTS_DIR)/../../Headers\"";
				INFOPLIST_FILE = "evasion/evasion-Info.plist";
				OTHER_LDFLAGS = "-ObjC";
				PRODUCT_NAME = "$(TARGET_NAME)";
				WRAPPER_EXTENSION = app;
			};
			name = Release;
		};
/* End XCBuildConfiguration section */

/* Begin XCConfigurationList section */
		B0F4C5FE16FD2283002433F8 /* Build configuration list for PBXProject "evasion" */ = {
			isa = XCConfigurationList;
			buildConfigurations = (
				B0F4C61E16FD2283002433F8 /* Debug */,
				B0F4C61F16FD2283002433F8 /* Release */,
			);
			defaultConfigurationIsVisible = 0;
			defaultConfigurationName = Release;
		};
		B0F4C62016FD2283002433F8 /* Build configuration list for PBXNativeTarget "evasion" */ = {
			isa = XCConfigurationList;
			buildConfigurations = (
				B0F4C62116FD2283002433F8 /* Debug */,
				B0F4C62216FD2283002433F8 /* Release */,
			);
			defaultConfigurationIsVisible = 0;
			defaultConfigurationName = Release;
		};
/* End XCConfigurationList section */
	};
	rootObject = B0F4C5FB16FD2283002433F8 /* Project object */;
}
